// !$*UTF8*$!
{
	archiveVersion = 1;
	classes = {
	};
	objectVersion = 46;
	objects = {

/* Begin PBXBuildFile section */
		D0442A171C30D6470013CCAD /* AppDelegate.swift in Sources */ = {isa = PBXBuildFile; fileRef = D0442A161C30D6470013CCAD /* AppDelegate.swift */; };
		D0442A191C30D6470013CCAD /* ViewController.swift in Sources */ = {isa = PBXBuildFile; fileRef = D0442A181C30D6470013CCAD /* ViewController.swift */; };
		D0442A1C1C30D6470013CCAD /* Main.storyboard in Resources */ = {isa = PBXBuildFile; fileRef = D0442A1A1C30D6470013CCAD /* Main.storyboard */; };
		D0442A1E1C30D6470013CCAD /* Assets.xcassets in Resources */ = {isa = PBXBuildFile; fileRef = D0442A1D1C30D6470013CCAD /* Assets.xcassets */; };
		D0442A211C30D6470013CCAD /* LaunchScreen.storyboard in Resources */ = {isa = PBXBuildFile; fileRef = D0442A1F1C30D6470013CCAD /* LaunchScreen.storyboard */; };
/* End PBXBuildFile section */

/* Begin PBXFileReference section */
		D0442A131C30D6470013CCAD /* company.app */ = {isa = PBXFileReference; explicitFileType = wrapper.application; includeInIndex = 0; path = company.app; sourceTree = BUILT_PRODUCTS_DIR; };
		D0442A161C30D6470013CCAD /* AppDelegate.swift */ = {isa = PBXFileReference; lastKnownFileType = sourcecode.swift; path = AppDelegate.swift; sourceTree = "<group>"; };
		D0442A181C30D6470013CCAD /* ViewController.swift */ = {isa = PBXFileReference; lastKnownFileType = sourcecode.swift; path = ViewController.swift; sourceTree = "<group>"; };
		D0442A1B1C30D6470013CCAD /* Base */ = {isa = PBXFileReference; lastKnownFileType = file.storyboard; name = Base; path = Base.lproj/Main.storyboard; sourceTree = "<group>"; };
		D0442A1D1C30D6470013CCAD /* Assets.xcassets */ = {isa = PBXFileReference; lastKnownFileType = folder.assetcatalog; path = Assets.xcassets; sourceTree = "<group>"; };
		D0442A201C30D6470013CCAD /* Base */ = {isa = PBXFileReference; lastKnownFileType = file.storyboard; name = Base; path = Base.lproj/LaunchScreen.storyboard; sourceTree = "<group>"; };
		D0442A221C30D6470013CCAD /* Info.plist */ = {isa = PBXFileReference; lastKnownFileType = text.plist.xml; path = Info.plist; sourceTree = "<group>"; };
		D0442A281C30D7960013CCAD /* company.entitlements */ = {isa = PBXFileReference; lastKnownFileType = text.xml; path = company.entitlements; sourceTree = "<group>"; };
/* End PBXFileReference section */

/* Begin PBXFrameworksBuildPhase section */
		D0442A101C30D6470013CCAD /* Frameworks */ = {
			isa = PBXFrameworksBuildPhase;
			buildActionMask = 2147483647;
			files = (
			);
			runOnlyForDeploymentPostprocessing = 0;
		};
/* End PBXFrameworksBuildPhase section */

/* Begin PBXGroup section */
		D0442A0A1C30D6470013CCAD = {
			isa = PBXGroup;
			children = (
				D0442A151C30D6470013CCAD /* company */,
				D0442A141C30D6470013CCAD /* Products */,
			);
			sourceTree = "<group>";
		};
		D0442A141C30D6470013CCAD /* Products */ = {
			isa = PBXGroup;
			children = (
				D0442A131C30D6470013CCAD /* company.app */,
			);
			name = Products;
			sourceTree = "<group>";
		};
		D0442A151C30D6470013CCAD /* company */ = {
			isa = PBXGroup;
			children = (
				D0442A281C30D7960013CCAD /* company.entitlements */,
				D0442A161C30D6470013CCAD /* AppDelegate.swift */,
				D0442A181C30D6470013CCAD /* ViewController.swift */,
				D0442A1A1C30D6470013CCAD /* Main.storyboard */,
				D0442A1D1C30D6470013CCAD /* Assets.xcassets */,
				D0442A1F1C30D6470013CCAD /* LaunchScreen.storyboard */,
				D0442A221C30D6470013CCAD /* Info.plist */,
			);
			path = company;
			sourceTree = "<group>";
		};
/* End PBXGroup section */

/* Begin PBXNativeTarget section */
		D0442A121C30D6470013CCAD /* company */ = {
			isa = PBXNativeTarget;
			buildConfigurationList = D0442A251C30D6470013CCAD /* Build configuration list for PBXNativeTarget "company" */;
			buildPhases = (
				D0442A0F1C30D6470013CCAD /* Sources */,
				D0442A101C30D6470013CCAD /* Frameworks */,
				D0442A111C30D6470013CCAD /* Resources */,
			);
			buildRules = (
			);
			dependencies = (
			);
			name = company;
			productName = company;
			productReference = D0442A131C30D6470013CCAD /* company.app */;
			productType = "com.apple.product-type.application";
		};
/* End PBXNativeTarget section */

/* Begin PBXProject section */
		D0442A0B1C30D6470013CCAD /* Project object */ = {
			isa = PBXProject;
			attributes = {
				LastSwiftUpdateCheck = 0720;
				LastUpgradeCheck = 0720;
				ORGANIZATIONNAME = shethjignesh.com;
				TargetAttributes = {
					D0442A121C30D6470013CCAD = {
						CreatedOnToolsVersion = 7.2;
						DevelopmentTeam = 2G6RH42E35;
						SystemCapabilities = {
							com.apple.SafariKeychain = {
								enabled = 1;
							};
						};
					};
				};
			};
			buildConfigurationList = D0442A0E1C30D6470013CCAD /* Build configuration list for PBXProject "company" */;
			compatibilityVersion = "Xcode 3.2";
			developmentRegion = English;
			hasScannedForEncodings = 0;
			knownRegions = (
				en,
				Base,
			);
			mainGroup = D0442A0A1C30D6470013CCAD;
			productRefGroup = D0442A141C30D6470013CCAD /* Products */;
			projectDirPath = "";
			projectRoot = "";
			targets = (
				D0442A121C30D6470013CCAD /* company */,
			);
		};
/* End PBXProject section */

/* Begin PBXResourcesBuildPhase section */
		D0442A111C30D6470013CCAD /* Resources */ = {
			isa = PBXResourcesBuildPhase;
			buildActionMask = 2147483647;
			files = (
				D0442A211C30D6470013CCAD /* LaunchScreen.storyboard in Resources */,
				D0442A1E1C30D6470013CCAD /* Assets.xcassets in Resources */,
				D0442A1C1C30D6470013CCAD /* Main.storyboard in Resources */,
			);
			runOnlyForDeploymentPostprocessing = 0;
		};
/* End PBXResourcesBuildPhase section */

/* Begin PBXSourcesBuildPhase section */
		D0442A0F1C30D6470013CCAD /* Sources */ = {
			isa = PBXSourcesBuildPhase;
			buildActionMask = 2147483647;
			files = (
				D0442A191C30D6470013CCAD /* ViewController.swift in Sources */,
				D0442A171C30D6470013CCAD /* AppDelegate.swift in Sources */,
			);
			runOnlyForDeploymentPostprocessing = 0;
		};
/* End PBXSourcesBuildPhase section */

/* Begin PBXVariantGroup section */
		D0442A1A1C30D6470013CCAD /* Main.storyboard */ = {
			isa = PBXVariantGroup;
			children = (
				D0442A1B1C30D6470013CCAD /* Base */,
			);
			name = Main.storyboard;
			sourceTree = "<group>";
		};
		D0442A1F1C30D6470013CCAD /* LaunchScreen.storyboard */ = {
			isa = PBXVariantGroup;
			children = (
				D0442A201C30D6470013CCAD /* Base */,
			);
			name = LaunchScreen.storyboard;
			sourceTree = "<group>";
		};
/* End PBXVariantGroup section */

/* Begin XCBuildConfiguration section */
		D0442A231C30D6470013CCAD /* Debug */ = {
			isa = XCBuildConfiguration;
			buildSettings = {
				ALWAYS_SEARCH_USER_PATHS = NO;
				CLANG_CXX_LANGUAGE_STANDARD = "gnu++0x";
				CLANG_CXX_LIBRARY = "libc++";
				CLANG_ENABLE_MODULES = YES;
				CLANG_ENABLE_OBJC_ARC = YES;
				CLANG_WARN_BOOL_CONVERSION = YES;
				CLANG_WARN_CONSTANT_CONVERSION = YES;
				CLANG_WARN_DIRECT_OBJC_ISA_USAGE = YES_ERROR;
				CLANG_WARN_EMPTY_BODY = YES;
				CLANG_WARN_ENUM_CONVERSION = YES;
				CLANG_WARN_INT_CONVERSION = YES;
				CLANG_WARN_OBJC_ROOT_CLASS = YES_ERROR;
				CLANG_WARN_UNREACHABLE_CODE = YES;
				CLANG_WARN__DUPLICATE_METHOD_MATCH = YES;
				"CODE_SIGN_IDENTITY[sdk=iphoneos*]" = "iPhone Developer";
				COPY_PHASE_STRIP = NO;
				DEBUG_INFORMATION_FORMAT = dwarf;
				ENABLE_STRICT_OBJC_MSGSEND = YES;
				ENABLE_TESTABILITY = YES;
				GCC_C_LANGUAGE_STANDARD = gnu99;
				GCC_DYNAMIC_NO_PIC = NO;
				GCC_NO_COMMON_BLOCKS = YES;
				GCC_OPTIMIZATION_LEVEL = 0;
				GCC_PREPROCESSOR_DEFINITIONS = (
					"DEBUG=1",
					"$(inherited)",
				);
				GCC_WARN_64_TO_32_BIT_CONVERSION = YES;
				GCC_WARN_ABOUT_RETURN_TYPE = YES_ERROR;
				GCC_WARN_UNDECLARED_SELECTOR = YES;
				GCC_WARN_UNINITIALIZED_AUTOS = YES_AGGRESSIVE;
				GCC_WARN_UNUSED_FUNCTION = YES;
				GCC_WARN_UNUSED_VARIABLE = YES;
				IPHONEOS_DEPLOYMENT_TARGET = 9.2;
				MTL_ENABLE_DEBUG_INFO = YES;
				ONLY_ACTIVE_ARCH = YES;
				SDKROOT = iphoneos;
				SWIFT_OPTIMIZATION_LEVEL = "-Onone";
				TARGETED_DEVICE_FAMILY = "1,2";
			};
			name = Debug;
		};
		D0442A241C30D6470013CCAD /* Release */ = {
			isa = XCBuildConfiguration;
			buildSettings = {
				ALWAYS_SEARCH_USER_PATHS = NO;
				CLANG_CXX_LANGUAGE_STANDARD = "gnu++0x";
				CLANG_CXX_LIBRARY = "libc++";
				CLANG_ENABLE_MODULES = YES;
				CLANG_ENABLE_OBJC_ARC = YES;
				CLANG_WARN_BOOL_CONVERSION = YES;
				CLANG_WARN_CONSTANT_CONVERSION = YES;
				CLANG_WARN_DIRECT_OBJC_ISA_USAGE = YES_ERROR;
				CLANG_WARN_EMPTY_BODY = YES;
				CLANG_WARN_ENUM_CONVERSION = YES;
				CLANG_WARN_INT_CONVERSION = YES;
				CLANG_WARN_OBJC_ROOT_CLASS = YES_ERROR;
				CLANG_WARN_UNREACHABLE_CODE = YES;
				CLANG_WARN__DUPLICATE_METHOD_MATCH = YES;
				"CODE_SIGN_IDENTITY[sdk=iphoneos*]" = "iPhone Developer";
				COPY_PHASE_STRIP = NO;
				DEBUG_INFORMATION_FORMAT = "dwarf-with-dsym";
				ENABLE_NS_ASSERTIONS = NO;
				ENABLE_STRICT_OBJC_MSGSEND = YES;
				GCC_C_LANGUAGE_STANDARD = gnu99;
				GCC_NO_COMMON_BLOCKS = YES;
				GCC_WARN_64_TO_32_BIT_CONVERSION = YES;
				GCC_WARN_ABOUT_RETURN_TYPE = YES_ERROR;
				GCC_WARN_UNDECLARED_SELECTOR = YES;
				GCC_WARN_UNINITIALIZED_AUTOS = YES_AGGRESSIVE;
				GCC_WARN_UNUSED_FUNCTION = YES;
				GCC_WARN_UNUSED_VARIABLE = YES;
				IPHONEOS_DEPLOYMENT_TARGET = 9.2;
				MTL_ENABLE_DEBUG_INFO = NO;
				SDKROOT = iphoneos;
				TARGETED_DEVICE_FAMILY = "1,2";
				VALIDATE_PRODUCT = YES;
			};
			name = Release;
		};
		D0442A261C30D6470013CCAD /* Debug */ = {
			isa = XCBuildConfiguration;
			buildSettings = {
				ASSETCATALOG_COMPILER_APPICON_NAME = AppIcon;
				CODE_SIGN_ENTITLEMENTS = company/company.entitlements;
				CODE_SIGN_IDENTITY = "iPhone Developer";
				"CODE_SIGN_IDENTITY[sdk=iphoneos*]" = "iPhone Developer";
				INFOPLIST_FILE = company/Info.plist;
				LD_RUNPATH_SEARCH_PATHS = "$(inherited) @executable_path/Frameworks";
				PRODUCT_BUNDLE_IDENTIFIER = com.firebaseapp.sheth;
				PRODUCT_NAME = "$(TARGET_NAME)";
				PROVISIONING_PROFILE = "";
			};
			name = Debug;
		};
		D0442A271C30D6470013CCAD /* Release */ = {
			isa = XCBuildConfiguration;
			buildSettings = {
				ASSETCATALOG_COMPILER_APPICON_NAME = AppIcon;
				CODE_SIGN_ENTITLEMENTS = company/company.entitlements;
				CODE_SIGN_IDENTITY = "iPhone Developer";
				"CODE_SIGN_IDENTITY[sdk=iphoneos*]" = "iPhone Developer";
				INFOPLIST_FILE = company/Info.plist;
				LD_RUNPATH_SEARCH_PATHS = "$(inherited) @executable_path/Frameworks";
				PRODUCT_BUNDLE_IDENTIFIER = com.firebaseapp.sheth;
				PRODUCT_NAME = "$(TARGET_NAME)";
				PROVISIONING_PROFILE = "";
			};
			name = Release;
		};
/* End XCBuildConfiguration section */

/* Begin XCConfigurationList section */
		D0442A0E1C30D6470013CCAD /* Build configuration list for PBXProject "company" */ = {
			isa = XCConfigurationList;
			buildConfigurations = (
				D0442A231C30D6470013CCAD /* Debug */,
				D0442A241C30D6470013CCAD /* Release */,
			);
			defaultConfigurationIsVisible = 0;
			defaultConfigurationName = Release;
		};
		D0442A251C30D6470013CCAD /* Build configuration list for PBXNativeTarget "company" */ = {
			isa = XCConfigurationList;
			buildConfigurations = (
				D0442A261C30D6470013CCAD /* Debug */,
				D0442A271C30D6470013CCAD /* Release */,
			);
			defaultConfigurationIsVisible = 0;
		};
/* End XCConfigurationList section */
	};
	rootObject = D0442A0B1C30D6470013CCAD /* Project object */;
}
